
Microsoft Visual Studio Solution File, Format Version 12.00
# Visual Studio Version 16
VisualStudioVersion = 16.0.30114.105
MinimumVisualStudioVersion = 10.0.40219.1
Project("{FAE04EC0-301F-11D3-BF4B-00C04F79EFBC}") = "PointDefence", "RaylibDemo\PointDefence.csproj", "{A59D2E49-F55F-4DCD-9D1F-8D1F3BDEABF5}"
EndProject
Global
	GlobalSection(SolutionConfigurationPlatforms) = preSolution
		Debug|Any CPU = Debug|Any CPU
		Release|Any CPU = Release|Any CPU
	EndGlobalSection
	GlobalSection(ProjectConfigurationPlatforms) = postSolution
		{A59D2E49-F55F-4DCD-9D1F-8D1F3BDEABF5}.Debug|Any CPU.ActiveCfg = Debug|Any CPU
		{A59D2E49-F55F-4DCD-9D1F-8D1F3BDEABF5}.Debug|Any CPU.Build.0 = Debug|Any CPU
		{A59D2E49-F55F-4DCD-9D1F-8D1F3BDEABF5}.Release|Any CPU.ActiveCfg = Release|Any CPU
		{A59D2E49-F55F-4DCD-9D1F-8D1F3BDEABF5}.Release|Any CPU.Build.0 = Release|Any CPU
	EndGlobalSection
	GlobalSection(SolutionProperties) = preSolution
		HideSolutionNode = FALSE
	EndGlobalSection
	GlobalSection(ExtensibilityGlobals) = postSolution
		SolutionGuid = {6B73D309-7431-45B0-97EE-024B42481A53}
	EndGlobalSection
EndGlobal
